
Microsoft Visual Studio Solution File, Format Version 12.00
# Visual Studio Version 17
VisualStudioVersion = 17.14.35906.104 d17.14
MinimumVisualStudioVersion = 10.0.40219.1
Project("{FAE04EC0-301F-11D3-BF4B-00C04F79EFBC}") = "GeoShot.Web", "src\Web\GeoShot.Web.csproj", "{24AC5B9E-0BE4-F964-4028-32776CCD4C75}"
EndProject
Project("{2150E333-8FDC-42A3-9474-1A3956D46DE8}") = "Solution Items", "Solution Items", "{8EC462FD-D22E-90A8-E5CE-7E832BA40C5D}"
	ProjectSection(SolutionItems) = preProject
		README.md = README.md
	EndProjectSection
EndProject
Global
	GlobalSection(SolutionConfigurationPlatforms) = preSolution
		Debug|Any CPU = Debug|Any CPU
		Release|Any CPU = Release|Any CPU
	EndGlobalSection
	GlobalSection(ProjectConfigurationPlatforms) = postSolution
		{24AC5B9E-0BE4-F964-4028-32776CCD4C75}.Debug|Any CPU.ActiveCfg = Debug|Any CPU
		{24AC5B9E-0BE4-F964-4028-32776CCD4C75}.Debug|Any CPU.Build.0 = Debug|Any CPU
		{24AC5B9E-0BE4-F964-4028-32776CCD4C75}.Release|Any CPU.ActiveCfg = Release|Any CPU
		{24AC5B9E-0BE4-F964-4028-32776CCD4C75}.Release|Any CPU.Build.0 = Release|Any CPU
		{5A878BC1-10AD-2465-C5E0-92E9FF6249D0}.Debug|Any CPU.ActiveCfg = Debug|Any CPU
		{5A878BC1-10AD-2465-C5E0-92E9FF6249D0}.Debug|Any CPU.Build.0 = Debug|Any CPU
		{5A878BC1-10AD-2465-C5E0-92E9FF6249D0}.Release|Any CPU.ActiveCfg = Release|Any CPU
		{5A878BC1-10AD-2465-C5E0-92E9FF6249D0}.Release|Any CPU.Build.0 = Release|Any CPU
	EndGlobalSection
	GlobalSection(SolutionProperties) = preSolution
		HideSolutionNode = FALSE
	EndGlobalSection
	GlobalSection(ExtensibilityGlobals) = postSolution
		SolutionGuid = {8A957158-7C6D-4ECA-99ED-2C243FFEFC97}
	EndGlobalSection
EndGlobal
